
Microsoft Visual Studio Solution File, Format Version 12.00
# Visual Studio 2013
VisualStudioVersion = 12.0.30501.0
MinimumVisualStudioVersion = 10.0.40219.1
Project("{FAE04EC0-301F-11D3-BF4B-00C04F79EFBC}") = "ShoppingList.Android", "ShoppingList.Android\ShoppingList.Android.csproj", "{D8999FC1-32A6-4EB4-A231-7B9A7F3EE77F}"
EndProject
Project("{FAE04EC0-301F-11D3-BF4B-00C04F79EFBC}") = "ShoppingList.Core", "ShoppingList.Core\ShoppingList.Core.csproj", "{D9BFD053-B045-4362-AD5E-7540082509DC}"
EndProject
Project("{FAE04EC0-301F-11D3-BF4B-00C04F79EFBC}") = "ShoppingList.Core.Tests", "ShoppingList.Core.Tests\ShoppingList.Core.Tests.csproj", "{2C0E3DB8-203F-4399-8999-2447CA29FD54}"
EndProject
Project("{D954291E-2A0B-460D-934E-DC6B0785DB48}") = "ShoppingList.Windows.Shared", "ShoppingList.Windows\ShoppingList.Windows.Shared\ShoppingList.Windows.Shared.shproj", "{8B947F59-5A4A-447D-B828-8445C8725270}"
EndProject
Project("{FAE04EC0-301F-11D3-BF4B-00C04F79EFBC}") = "ShoppingList.Windows.Windows", "ShoppingList.Windows\ShoppingList.Windows.Windows\ShoppingList.Windows.Windows.csproj", "{2E0485CF-56CD-43EC-98AC-9082B9474778}"
EndProject
Project("{FAE04EC0-301F-11D3-BF4B-00C04F79EFBC}") = "ShoppingList.WindowsDesktop", "ShoppingList.WindowsDesktop\ShoppingList.WindowsDesktop.csproj", "{7613599D-689D-4FC6-9FEC-44F93C876786}"
EndProject
Project("{2150E333-8FDC-42A3-9474-1A3956D46DE8}") = ".nuget", ".nuget", "{B450E494-CA2A-4F16-9791-C206D179FCF4}"
	ProjectSection(SolutionItems) = preProject
		.nuget\NuGet.Config = .nuget\NuGet.Config
		.nuget\NuGet.exe = .nuget\NuGet.exe
		.nuget\NuGet.targets = .nuget\NuGet.targets
	EndProjectSection
EndProject
Project("{2150E333-8FDC-42A3-9474-1A3956D46DE8}") = "WinRT", "WinRT", "{25728813-3BB6-471C-8FE7-77E6F05C77A9}"
EndProject
Global
	GlobalSection(SharedMSBuildProjectFiles) = preSolution
		ShoppingList.Windows\ShoppingList.Windows.Shared\ShoppingList.Windows.Shared.projitems*{2e0485cf-56cd-43ec-98ac-9082b9474778}*SharedItemsImports = 4
		ShoppingList.Windows\ShoppingList.Windows.Shared\ShoppingList.Windows.Shared.projitems*{8b947f59-5a4a-447d-b828-8445c8725270}*SharedItemsImports = 13
	EndGlobalSection
	GlobalSection(SolutionConfigurationPlatforms) = preSolution
		Debug|Any CPU = Debug|Any CPU
		Debug|ARM = Debug|ARM
		Debug|x64 = Debug|x64
		Debug|x86 = Debug|x86
		Release|Any CPU = Release|Any CPU
		Release|ARM = Release|ARM
		Release|x64 = Release|x64
		Release|x86 = Release|x86
	EndGlobalSection
	GlobalSection(ProjectConfigurationPlatforms) = postSolution
		{D8999FC1-32A6-4EB4-A231-7B9A7F3EE77F}.Debug|Any CPU.ActiveCfg = Debug|Any CPU
		{D8999FC1-32A6-4EB4-A231-7B9A7F3EE77F}.Debug|Any CPU.Build.0 = Debug|Any CPU
		{D8999FC1-32A6-4EB4-A231-7B9A7F3EE77F}.Debug|Any CPU.Deploy.0 = Debug|Any CPU
		{D8999FC1-32A6-4EB4-A231-7B9A7F3EE77F}.Debug|ARM.ActiveCfg = Debug|Any CPU
		{D8999FC1-32A6-4EB4-A231-7B9A7F3EE77F}.Debug|x64.ActiveCfg = Debug|Any CPU
		{D8999FC1-32A6-4EB4-A231-7B9A7F3EE77F}.Debug|x86.ActiveCfg = Debug|Any CPU
		{D8999FC1-32A6-4EB4-A231-7B9A7F3EE77F}.Release|Any CPU.ActiveCfg = Release|Any CPU
		{D8999FC1-32A6-4EB4-A231-7B9A7F3EE77F}.Release|Any CPU.Build.0 = Release|Any CPU
		{D8999FC1-32A6-4EB4-A231-7B9A7F3EE77F}.Release|Any CPU.Deploy.0 = Release|Any CPU
		{D8999FC1-32A6-4EB4-A231-7B9A7F3EE77F}.Release|ARM.ActiveCfg = Release|Any CPU
		{D8999FC1-32A6-4EB4-A231-7B9A7F3EE77F}.Release|x64.ActiveCfg = Release|Any CPU
		{D8999FC1-32A6-4EB4-A231-7B9A7F3EE77F}.Release|x86.ActiveCfg = Release|Any CPU
		{D9BFD053-B045-4362-AD5E-7540082509DC}.Debug|Any CPU.ActiveCfg = Debug|Any CPU
		{D9BFD053-B045-4362-AD5E-7540082509DC}.Debug|Any CPU.Build.0 = Debug|Any CPU
		{D9BFD053-B045-4362-AD5E-7540082509DC}.Debug|ARM.ActiveCfg = Debug|Any CPU
		{D9BFD053-B045-4362-AD5E-7540082509DC}.Debug|x64.ActiveCfg = Debug|Any CPU
		{D9BFD053-B045-4362-AD5E-7540082509DC}.Debug|x86.ActiveCfg = Debug|Any CPU
		{D9BFD053-B045-4362-AD5E-7540082509DC}.Release|Any CPU.ActiveCfg = Release|Any CPU
		{D9BFD053-B045-4362-AD5E-7540082509DC}.Release|Any CPU.Build.0 = Release|Any CPU
		{D9BFD053-B045-4362-AD5E-7540082509DC}.Release|ARM.ActiveCfg = Release|Any CPU
		{D9BFD053-B045-4362-AD5E-7540082509DC}.Release|x64.ActiveCfg = Release|Any CPU
		{D9BFD053-B045-4362-AD5E-7540082509DC}.Release|x86.ActiveCfg = Release|Any CPU
		{2C0E3DB8-203F-4399-8999-2447CA29FD54}.Debug|Any CPU.ActiveCfg = Debug|Any CPU
		{2C0E3DB8-203F-4399-8999-2447CA29FD54}.Debug|Any CPU.Build.0 = Debug|Any CPU
		{2C0E3DB8-203F-4399-8999-2447CA29FD54}.Debug|ARM.ActiveCfg = Debug|Any CPU
		{2C0E3DB8-203F-4399-8999-2447CA29FD54}.Debug|x64.ActiveCfg = Debug|Any CPU
		{2C0E3DB8-203F-4399-8999-2447CA29FD54}.Debug|x86.ActiveCfg = Debug|Any CPU
		{2C0E3DB8-203F-4399-8999-2447CA29FD54}.Release|Any CPU.ActiveCfg = Release|Any CPU
		{2C0E3DB8-203F-4399-8999-2447CA29FD54}.Release|Any CPU.Build.0 = Release|Any CPU
		{2C0E3DB8-203F-4399-8999-2447CA29FD54}.Release|ARM.ActiveCfg = Release|Any CPU
		{2C0E3DB8-203F-4399-8999-2447CA29FD54}.Release|x64.ActiveCfg = Release|Any CPU
		{2C0E3DB8-203F-4399-8999-2447CA29FD54}.Release|x86.ActiveCfg = Release|Any CPU
		{2E0485CF-56CD-43EC-98AC-9082B9474778}.Debug|Any CPU.ActiveCfg = Debug|Any CPU
		{2E0485CF-56CD-43EC-98AC-9082B9474778}.Debug|Any CPU.Build.0 = Debug|Any CPU
		{2E0485CF-56CD-43EC-98AC-9082B9474778}.Debug|Any CPU.Deploy.0 = Debug|Any CPU
		{2E0485CF-56CD-43EC-98AC-9082B9474778}.Debug|ARM.ActiveCfg = Debug|ARM
		{2E0485CF-56CD-43EC-98AC-9082B9474778}.Debug|ARM.Build.0 = Debug|ARM
		{2E0485CF-56CD-43EC-98AC-9082B9474778}.Debug|ARM.Deploy.0 = Debug|ARM
		{2E0485CF-56CD-43EC-98AC-9082B9474778}.Debug|x64.ActiveCfg = Debug|x64
		{2E0485CF-56CD-43EC-98AC-9082B9474778}.Debug|x64.Build.0 = Debug|x64
		{2E0485CF-56CD-43EC-98AC-9082B9474778}.Debug|x64.Deploy.0 = Debug|x64
		{2E0485CF-56CD-43EC-98AC-9082B9474778}.Debug|x86.ActiveCfg = Debug|x86
		{2E0485CF-56CD-43EC-98AC-9082B9474778}.Debug|x86.Build.0 = Debug|x86
		{2E0485CF-56CD-43EC-98AC-9082B9474778}.Debug|x86.Deploy.0 = Debug|x86
		{2E0485CF-56CD-43EC-98AC-9082B9474778}.Release|Any CPU.ActiveCfg = Release|Any CPU
		{2E0485CF-56CD-43EC-98AC-9082B9474778}.Release|Any CPU.Build.0 = Release|Any CPU
		{2E0485CF-56CD-43EC-98AC-9082B9474778}.Release|Any CPU.Deploy.0 = Release|Any CPU
		{2E0485CF-56CD-43EC-98AC-9082B9474778}.Release|ARM.ActiveCfg = Release|ARM
		{2E0485CF-56CD-43EC-98AC-9082B9474778}.Release|ARM.Build.0 = Release|ARM
		{2E0485CF-56CD-43EC-98AC-9082B9474778}.Release|ARM.Deploy.0 = Release|ARM
		{2E0485CF-56CD-43EC-98AC-9082B9474778}.Release|x64.ActiveCfg = Release|x64
		{2E0485CF-56CD-43EC-98AC-9082B9474778}.Release|x64.Build.0 = Release|x64
		{2E0485CF-56CD-43EC-98AC-9082B9474778}.Release|x64.Deploy.0 = Release|x64
		{2E0485CF-56CD-43EC-98AC-9082B9474778}.Release|x86.ActiveCfg = Release|x86
		{2E0485CF-56CD-43EC-98AC-9082B9474778}.Release|x86.Build.0 = Release|x86
		{2E0485CF-56CD-43EC-98AC-9082B9474778}.Release|x86.Deploy.0 = Release|x86
		{7613599D-689D-4FC6-9FEC-44F93C876786}.Debug|Any CPU.ActiveCfg = Debug|Any CPU
		{7613599D-689D-4FC6-9FEC-44F93C876786}.Debug|Any CPU.Build.0 = Debug|Any CPU
		{7613599D-689D-4FC6-9FEC-44F93C876786}.Debug|ARM.ActiveCfg = Debug|Any CPU
		{7613599D-689D-4FC6-9FEC-44F93C876786}.Debug|x64.ActiveCfg = Debug|Any CPU
		{7613599D-689D-4FC6-9FEC-44F93C876786}.Debug|x86.ActiveCfg = Debug|Any CPU
		{7613599D-689D-4FC6-9FEC-44F93C876786}.Release|Any CPU.ActiveCfg = Release|Any CPU
		{7613599D-689D-4FC6-9FEC-44F93C876786}.Release|Any CPU.Build.0 = Release|Any CPU
		{7613599D-689D-4FC6-9FEC-44F93C876786}.Release|ARM.ActiveCfg = Release|Any CPU
		{7613599D-689D-4FC6-9FEC-44F93C876786}.Release|x64.ActiveCfg = Release|Any CPU
		{7613599D-689D-4FC6-9FEC-44F93C876786}.Release|x86.ActiveCfg = Release|Any CPU
	EndGlobalSection
	GlobalSection(SolutionProperties) = preSolution
		HideSolutionNode = FALSE
	EndGlobalSection
	GlobalSection(NestedProjects) = preSolution
		{8B947F59-5A4A-447D-B828-8445C8725270} = {25728813-3BB6-471C-8FE7-77E6F05C77A9}
		{2E0485CF-56CD-43EC-98AC-9082B9474778} = {25728813-3BB6-471C-8FE7-77E6F05C77A9}
	EndGlobalSection
EndGlobal
